
Microsoft Visual Studio Solution File, Format Version 12.00
# Visual Studio 15
VisualStudioVersion = 15.0.28307.1433
MinimumVisualStudioVersion = 10.0.40219.1
Project("{FAE04EC0-301F-11D3-BF4B-00C04F79EFBC}") = "MovieRenterWebApp", "MovieRenterWebApp\MovieRenterWebApp.csproj", "{AB2C9E1D-6995-409B-BD43-B7EE3796A369}"
EndProject
Global
	GlobalSection(SolutionConfigurationPlatforms) = preSolution
		Debug|Any CPU = Debug|Any CPU
		Release|Any CPU = Release|Any CPU
	EndGlobalSection
	GlobalSection(ProjectConfigurationPlatforms) = postSolution
		{AB2C9E1D-6995-409B-BD43-B7EE3796A369}.Debug|Any CPU.ActiveCfg = Debug|Any CPU
		{AB2C9E1D-6995-409B-BD43-B7EE3796A369}.Debug|Any CPU.Build.0 = Debug|Any CPU
		{AB2C9E1D-6995-409B-BD43-B7EE3796A369}.Release|Any CPU.ActiveCfg = Release|Any CPU
		{AB2C9E1D-6995-409B-BD43-B7EE3796A369}.Release|Any CPU.Build.0 = Release|Any CPU
	EndGlobalSection
	GlobalSection(SolutionProperties) = preSolution
		HideSolutionNode = FALSE
	EndGlobalSection
	GlobalSection(ExtensibilityGlobals) = postSolution
		SolutionGuid = {7D5DF358-0B08-4DB3-AF5F-393A309BA1E3}
	EndGlobalSection
EndGlobal
